// !$*UTF8*$!
{
	archiveVersion = 1;
	classes = {
	};
	objectVersion = 56;
	objects = {

/* Begin PBXBuildFile section */
		371817ED291833170037978E /* Gruppo-Regular.ttf in Resources */ = {isa = PBXBuildFile; fileRef = 371817EC291833170037978E /* Gruppo-Regular.ttf */; };
		371817EF291833980037978E /* KyivTypeSans-VarGX.ttf in Resources */ = {isa = PBXBuildFile; fileRef = 371817EE291833980037978E /* KyivTypeSans-VarGX.ttf */; };
		371817F12918341B0037978E /* Inter-Light.otf in Resources */ = {isa = PBXBuildFile; fileRef = 371817F02918341B0037978E /* Inter-Light.otf */; };
		37B99E6D28F6F0160018C120 /* AppDelegate.swift in Sources */ = {isa = PBXBuildFile; fileRef = 37B99E6C28F6F0160018C120 /* AppDelegate.swift */; };
		37B99E6F28F6F0160018C120 /* SceneDelegate.swift in Sources */ = {isa = PBXBuildFile; fileRef = 37B99E6E28F6F0160018C120 /* SceneDelegate.swift */; };
		37B99E7128F6F0160018C120 /* ViewController.swift in Sources */ = {isa = PBXBuildFile; fileRef = 37B99E7028F6F0160018C120 /* ViewController.swift */; };
		37B99E7428F6F0160018C120 /* Main.storyboard in Resources */ = {isa = PBXBuildFile; fileRef = 37B99E7228F6F0160018C120 /* Main.storyboard */; };
		37B99E7628F6F0170018C120 /* Assets.xcassets in Resources */ = {isa = PBXBuildFile; fileRef = 37B99E7528F6F0170018C120 /* Assets.xcassets */; };
		37B99E7928F6F0170018C120 /* LaunchScreen.storyboard in Resources */ = {isa = PBXBuildFile; fileRef = 37B99E7728F6F0170018C120 /* LaunchScreen.storyboard */; };
		37CA76AA28F806D00019A298 /* SecondScreenViewController.swift in Sources */ = {isa = PBXBuildFile; fileRef = 37CA76A928F806D00019A298 /* SecondScreenViewController.swift */; };
		37CA76AC28F807D30019A298 /* ThirdScreenViewController.swift in Sources */ = {isa = PBXBuildFile; fileRef = 37CA76AB28F807D30019A298 /* ThirdScreenViewController.swift */; };
/* End PBXBuildFile section */

/* Begin PBXFileReference section */
		371817EC291833170037978E /* Gruppo-Regular.ttf */ = {isa = PBXFileReference; lastKnownFileType = file; path = "Gruppo-Regular.ttf"; sourceTree = "<group>"; };
		371817EE291833980037978E /* KyivTypeSans-VarGX.ttf */ = {isa = PBXFileReference; lastKnownFileType = file; path = "KyivTypeSans-VarGX.ttf"; sourceTree = "<group>"; };
		371817F02918341B0037978E /* Inter-Light.otf */ = {isa = PBXFileReference; lastKnownFileType = file; path = "Inter-Light.otf"; sourceTree = "<group>"; };
		37B99E6928F6F0160018C120 /* emotionalApp.app */ = {isa = PBXFileReference; explicitFileType = wrapper.application; includeInIndex = 0; path = emotionalApp.app; sourceTree = BUILT_PRODUCTS_DIR; };
		37B99E6C28F6F0160018C120 /* AppDelegate.swift */ = {isa = PBXFileReference; lastKnownFileType = sourcecode.swift; path = AppDelegate.swift; sourceTree = "<group>"; };
		37B99E6E28F6F0160018C120 /* SceneDelegate.swift */ = {isa = PBXFileReference; lastKnownFileType = sourcecode.swift; path = SceneDelegate.swift; sourceTree = "<group>"; };
		37B99E7028F6F0160018C120 /* ViewController.swift */ = {isa = PBXFileReference; lastKnownFileType = sourcecode.swift; path = ViewController.swift; sourceTree = "<group>"; };
		37B99E7328F6F0160018C120 /* Base */ = {isa = PBXFileReference; lastKnownFileType = file.storyboard; name = Base; path = Base.lproj/Main.storyboard; sourceTree = "<group>"; };
		37B99E7528F6F0170018C120 /* Assets.xcassets */ = {isa = PBXFileReference; lastKnownFileType = folder.assetcatalog; path = Assets.xcassets; sourceTree = "<group>"; };
		37B99E7828F6F0170018C120 /* Base */ = {isa = PBXFileReference; lastKnownFileType = file.storyboard; name = Base; path = Base.lproj/LaunchScreen.storyboard; sourceTree = "<group>"; };
		37B99E7A28F6F0170018C120 /* Info.plist */ = {isa = PBXFileReference; lastKnownFileType = text.plist.xml; path = Info.plist; sourceTree = "<group>"; };
		37CA76A928F806D00019A298 /* SecondScreenViewController.swift */ = {isa = PBXFileReference; lastKnownFileType = sourcecode.swift; path = SecondScreenViewController.swift; sourceTree = "<group>"; };
		37CA76AB28F807D30019A298 /* ThirdScreenViewController.swift */ = {isa = PBXFileReference; lastKnownFileType = sourcecode.swift; path = ThirdScreenViewController.swift; sourceTree = "<group>"; };
/* End PBXFileReference section */

/* Begin PBXFrameworksBuildPhase section */
		37B99E6628F6F0160018C120 /* Frameworks */ = {
			isa = PBXFrameworksBuildPhase;
			buildActionMask = 2147483647;
			files = (
			);
			runOnlyForDeploymentPostprocessing = 0;
		};
/* End PBXFrameworksBuildPhase section */

/* Begin PBXGroup section */
		371817EB291832ED0037978E /* Fonts */ = {
			isa = PBXGroup;
			children = (
				371817EC291833170037978E /* Gruppo-Regular.ttf */,
				371817EE291833980037978E /* KyivTypeSans-VarGX.ttf */,
				371817F02918341B0037978E /* Inter-Light.otf */,
			);
			path = Fonts;
			sourceTree = "<group>";
		};
		371817F429184E120037978E /* Service */ = {
			isa = PBXGroup;
			children = (
			);
			path = Service;
			sourceTree = "<group>";
		};
		371817F529184E2D0037978E /* ViewController */ = {
			isa = PBXGroup;
			children = (
				37B99E7028F6F0160018C120 /* ViewController.swift */,
				37CA76A928F806D00019A298 /* SecondScreenViewController.swift */,
				37CA76AB28F807D30019A298 /* ThirdScreenViewController.swift */,
				37B99E7228F6F0160018C120 /* Main.storyboard */,
				37B99E7728F6F0170018C120 /* LaunchScreen.storyboard */,
			);
			path = ViewController;
			sourceTree = "<group>";
		};
		371817F629184E580037978E /* Resources */ = {
			isa = PBXGroup;
			children = (
			);
			path = Resources;
			sourceTree = "<group>";
		};
		371817F729184E860037978E /* Delegates */ = {
			isa = PBXGroup;
			children = (
				37B99E6C28F6F0160018C120 /* AppDelegate.swift */,
				37B99E6E28F6F0160018C120 /* SceneDelegate.swift */,
			);
			path = Delegates;
			sourceTree = "<group>";
		};
		37B99E6028F6F0160018C120 = {
			isa = PBXGroup;
			children = (
				37B99E6B28F6F0160018C120 /* emotionalApp */,
				37B99E6A28F6F0160018C120 /* Products */,
			);
			sourceTree = "<group>";
		};
		37B99E6A28F6F0160018C120 /* Products */ = {
			isa = PBXGroup;
			children = (
				37B99E6928F6F0160018C120 /* emotionalApp.app */,
			);
			name = Products;
			sourceTree = "<group>";
		};
		37B99E6B28F6F0160018C120 /* emotionalApp */ = {
			isa = PBXGroup;
			children = (
				37B99E7A28F6F0170018C120 /* Info.plist */,
				37B99E7528F6F0170018C120 /* Assets.xcassets */,
				371817F729184E860037978E /* Delegates */,
				371817EB291832ED0037978E /* Fonts */,
				371817F429184E120037978E /* Service */,
				371817F529184E2D0037978E /* ViewController */,
				371817F629184E580037978E /* Resources */,
			);
			path = emotionalApp;
			sourceTree = "<group>";
		};
/* End PBXGroup section */

/* Begin PBXNativeTarget section */
		37B99E6828F6F0160018C120 /* emotionalApp */ = {
			isa = PBXNativeTarget;
			buildConfigurationList = 37B99E7D28F6F0170018C120 /* Build configuration list for PBXNativeTarget "emotionalApp" */;
			buildPhases = (
				37B99E6528F6F0160018C120 /* Sources */,
				37B99E6628F6F0160018C120 /* Frameworks */,
				37B99E6728F6F0160018C120 /* Resources */,
			);
			buildRules = (
			);
			dependencies = (
			);
			name = emotionalApp;
			productName = emotionalApp;
			productReference = 37B99E6928F6F0160018C120 /* emotionalApp.app */;
			productType = "com.apple.product-type.application";
		};
/* End PBXNativeTarget section */

/* Begin PBXProject section */
		37B99E6128F6F0160018C120 /* Project object */ = {
			isa = PBXProject;
			attributes = {
				BuildIndependentTargetsInParallel = 1;
				LastSwiftUpdateCheck = 1400;
				LastUpgradeCheck = 1400;
				TargetAttributes = {
					37B99E6828F6F0160018C120 = {
						CreatedOnToolsVersion = 14.0.1;
					};
				};
			};
			buildConfigurationList = 37B99E6428F6F0160018C120 /* Build configuration list for PBXProject "emotionalApp" */;
			compatibilityVersion = "Xcode 14.0";
			developmentRegion = en;
			hasScannedForEncodings = 0;
			knownRegions = (
				en,
				Base,
			);
			mainGroup = 37B99E6028F6F0160018C120;
			productRefGroup = 37B99E6A28F6F0160018C120 /* Products */;
			projectDirPath = "";
			projectRoot = "";
			targets = (
				37B99E6828F6F0160018C120 /* emotionalApp */,
			);
		};
/* End PBXProject section */

/* Begin PBXResourcesBuildPhase section */
		37B99E6728F6F0160018C120 /* Resources */ = {
			isa = PBXResourcesBuildPhase;
			buildActionMask = 2147483647;
			files = (
				37B99E7928F6F0170018C120 /* LaunchScreen.storyboard in Resources */,
				371817F12918341B0037978E /* Inter-Light.otf in Resources */,
				371817EF291833980037978E /* KyivTypeSans-VarGX.ttf in Resources */,
				37B99E7628F6F0170018C120 /* Assets.xcassets in Resources */,
				371817ED291833170037978E /* Gruppo-Regular.ttf in Resources */,
				37B99E7428F6F0160018C120 /* Main.storyboard in Resources */,
			);
			runOnlyForDeploymentPostprocessing = 0;
		};
/* End PBXResourcesBuildPhase section */

/* Begin PBXSourcesBuildPhase section */
		37B99E6528F6F0160018C120 /* Sources */ = {
			isa = PBXSourcesBuildPhase;
			buildActionMask = 2147483647;
			files = (
				37CA76AA28F806D00019A298 /* SecondScreenViewController.swift in Sources */,
				37CA76AC28F807D30019A298 /* ThirdScreenViewController.swift in Sources */,
				37B99E7128F6F0160018C120 /* ViewController.swift in Sources */,
				37B99E6D28F6F0160018C120 /* AppDelegate.swift in Sources */,
				37B99E6F28F6F0160018C120 /* SceneDelegate.swift in Sources */,
			);
			runOnlyForDeploymentPostprocessing = 0;
		};
/* End PBXSourcesBuildPhase section */

/* Begin PBXVariantGroup section */
		37B99E7228F6F0160018C120 /* Main.storyboard */ = {
			isa = PBXVariantGroup;
			children = (
				37B99E7328F6F0160018C120 /* Base */,
			);
			name = Main.storyboard;
			sourceTree = "<group>";
		};
		37B99E7728F6F0170018C120 /* LaunchScreen.storyboard */ = {
			isa = PBXVariantGroup;
			children = (
				37B99E7828F6F0170018C120 /* Base */,
			);
			name = LaunchScreen.storyboard;
			sourceTree = "<group>";
		};
/* End PBXVariantGroup section */

/* Begin XCBuildConfiguration section */
		37B99E7B28F6F0170018C120 /* Debug */ = {
			isa = XCBuildConfiguration;
			buildSettings = {
				ALWAYS_SEARCH_USER_PATHS = NO;
				CLANG_ANALYZER_NONNULL = YES;
				CLANG_ANALYZER_NUMBER_OBJECT_CONVERSION = YES_AGGRESSIVE;
				CLANG_CXX_LANGUAGE_STANDARD = "gnu++20";
				CLANG_ENABLE_MODULES = YES;
				CLANG_ENABLE_OBJC_ARC = YES;
				CLANG_ENABLE_OBJC_WEAK = YES;
				CLANG_WARN_BLOCK_CAPTURE_AUTORELEASING = YES;
				CLANG_WARN_BOOL_CONVERSION = YES;
				CLANG_WARN_COMMA = YES;
				CLANG_WARN_CONSTANT_CONVERSION = YES;
				CLANG_WARN_DEPRECATED_OBJC_IMPLEMENTATIONS = YES;
				CLANG_WARN_DIRECT_OBJC_ISA_USAGE = YES_ERROR;
				CLANG_WARN_DOCUMENTATION_COMMENTS = YES;
				CLANG_WARN_EMPTY_BODY = YES;
				CLANG_WARN_ENUM_CONVERSION = YES;
				CLANG_WARN_INFINITE_RECURSION = YES;
				CLANG_WARN_INT_CONVERSION = YES;
				CLANG_WARN_NON_LITERAL_NULL_CONVERSION = YES;
				CLANG_WARN_OBJC_IMPLICIT_RETAIN_SELF = YES;
				CLANG_WARN_OBJC_LITERAL_CONVERSION = YES;
				CLANG_WARN_OBJC_ROOT_CLASS = YES_ERROR;
				CLANG_WARN_QUOTED_INCLUDE_IN_FRAMEWORK_HEADER = YES;
				CLANG_WARN_RANGE_LOOP_ANALYSIS = YES;
				CLANG_WARN_STRICT_PROTOTYPES = YES;
				CLANG_WARN_SUSPICIOUS_MOVE = YES;
				CLANG_WARN_UNGUARDED_AVAILABILITY = YES_AGGRESSIVE;
				CLANG_WARN_UNREACHABLE_CODE = YES;
				CLANG_WARN__DUPLICATE_METHOD_MATCH = YES;
				COPY_PHASE_STRIP = NO;
				DEBUG_INFORMATION_FORMAT = dwarf;
				ENABLE_STRICT_OBJC_MSGSEND = YES;
				ENABLE_TESTABILITY = YES;
				GCC_C_LANGUAGE_STANDARD = gnu11;
				GCC_DYNAMIC_NO_PIC = NO;
				GCC_NO_COMMON_BLOCKS = YES;
				GCC_OPTIMIZATION_LEVEL = 0;
				GCC_PREPROCESSOR_DEFINITIONS = (
					"DEBUG=1",
					"$(inherited)",
				);
				GCC_WARN_64_TO_32_BIT_CONVERSION = YES;
				GCC_WARN_ABOUT_RETURN_TYPE = YES_ERROR;
				GCC_WARN_UNDECLARED_SELECTOR = YES;
				GCC_WARN_UNINITIALIZED_AUTOS = YES_AGGRESSIVE;
				GCC_WARN_UNUSED_FUNCTION = YES;
				GCC_WARN_UNUSED_VARIABLE = YES;
				IPHONEOS_DEPLOYMENT_TARGET = 16.0;
				MTL_ENABLE_DEBUG_INFO = INCLUDE_SOURCE;
				MTL_FAST_MATH = YES;
				ONLY_ACTIVE_ARCH = YES;
				SDKROOT = iphoneos;
				SWIFT_ACTIVE_COMPILATION_CONDITIONS = DEBUG;
				SWIFT_OPTIMIZATION_LEVEL = "-Onone";
			};
			name = Debug;
		};
		37B99E7C28F6F0170018C120 /* Release */ = {
			isa = XCBuildConfiguration;
			buildSettings = {
				ALWAYS_SEARCH_USER_PATHS = NO;
				CLANG_ANALYZER_NONNULL = YES;
				CLANG_ANALYZER_NUMBER_OBJECT_CONVERSION = YES_AGGRESSIVE;
				CLANG_CXX_LANGUAGE_STANDARD = "gnu++20";
				CLANG_ENABLE_MODULES = YES;
				CLANG_ENABLE_OBJC_ARC = YES;
				CLANG_ENABLE_OBJC_WEAK = YES;
				CLANG_WARN_BLOCK_CAPTURE_AUTORELEASING = YES;
				CLANG_WARN_BOOL_CONVERSION = YES;
				CLANG_WARN_COMMA = YES;
				CLANG_WARN_CONSTANT_CONVERSION = YES;
				CLANG_WARN_DEPRECATED_OBJC_IMPLEMENTATIONS = YES;
				CLANG_WARN_DIRECT_OBJC_ISA_USAGE = YES_ERROR;
				CLANG_WARN_DOCUMENTATION_COMMENTS = YES;
				CLANG_WARN_EMPTY_BODY = YES;
				CLANG_WARN_ENUM_CONVERSION = YES;
				CLANG_WARN_INFINITE_RECURSION = YES;
				CLANG_WARN_INT_CONVERSION = YES;
				CLANG_WARN_NON_LITERAL_NULL_CONVERSION = YES;
				CLANG_WARN_OBJC_IMPLICIT_RETAIN_SELF = YES;
				CLANG_WARN_OBJC_LITERAL_CONVERSION = YES;
				CLANG_WARN_OBJC_ROOT_CLASS = YES_ERROR;
				CLANG_WARN_QUOTED_INCLUDE_IN_FRAMEWORK_HEADER = YES;
				CLANG_WARN_RANGE_LOOP_ANALYSIS = YES;
				CLANG_WARN_STRICT_PROTOTYPES = YES;
				CLANG_WARN_SUSPICIOUS_MOVE = YES;
				CLANG_WARN_UNGUARDED_AVAILABILITY = YES_AGGRESSIVE;
				CLANG_WARN_UNREACHABLE_CODE = YES;
				CLANG_WARN__DUPLICATE_METHOD_MATCH = YES;
				COPY_PHASE_STRIP = NO;
				DEBUG_INFORMATION_FORMAT = "dwarf-with-dsym";
				ENABLE_NS_ASSERTIONS = NO;
				ENABLE_STRICT_OBJC_MSGSEND = YES;
				GCC_C_LANGUAGE_STANDARD = gnu11;
				GCC_NO_COMMON_BLOCKS = YES;
				GCC_WARN_64_TO_32_BIT_CONVERSION = YES;
				GCC_WARN_ABOUT_RETURN_TYPE = YES_ERROR;
				GCC_WARN_UNDECLARED_SELECTOR = YES;
				GCC_WARN_UNINITIALIZED_AUTOS = YES_AGGRESSIVE;
				GCC_WARN_UNUSED_FUNCTION = YES;
				GCC_WARN_UNUSED_VARIABLE = YES;
				IPHONEOS_DEPLOYMENT_TARGET = 16.0;
				MTL_ENABLE_DEBUG_INFO = NO;
				MTL_FAST_MATH = YES;
				SDKROOT = iphoneos;
				SWIFT_COMPILATION_MODE = wholemodule;
				SWIFT_OPTIMIZATION_LEVEL = "-O";
				VALIDATE_PRODUCT = YES;
			};
			name = Release;
		};
		37B99E7E28F6F0170018C120 /* Debug */ = {
			isa = XCBuildConfiguration;
			buildSettings = {
				ASSETCATALOG_COMPILER_APPICON_NAME = AppIcon;
				ASSETCATALOG_COMPILER_GLOBAL_ACCENT_COLOR_NAME = AccentColor;
				CODE_SIGN_STYLE = Automatic;
				CURRENT_PROJECT_VERSION = 1;
				DEVELOPMENT_TEAM = 2U4V96C2NN;
				GENERATE_INFOPLIST_FILE = YES;
				INFOPLIST_FILE = emotionalApp/Info.plist;
				INFOPLIST_KEY_UIApplicationSupportsIndirectInputEvents = YES;
				INFOPLIST_KEY_UILaunchStoryboardName = LaunchScreen;
				INFOPLIST_KEY_UIMainStoryboardFile = Main;
				INFOPLIST_KEY_UISupportedInterfaceOrientations_iPad = "UIInterfaceOrientationPortrait UIInterfaceOrientationPortraitUpsideDown UIInterfaceOrientationLandscapeLeft UIInterfaceOrientationLandscapeRight";
				INFOPLIST_KEY_UISupportedInterfaceOrientations_iPhone = "UIInterfaceOrientationPortrait UIInterfaceOrientationLandscapeLeft UIInterfaceOrientationLandscapeRight";
				IPHONEOS_DEPLOYMENT_TARGET = 13.0;
				LD_RUNPATH_SEARCH_PATHS = (
					"$(inherited)",
					"@executable_path/Frameworks",
				);
				MARKETING_VERSION = 1.0;
				PRODUCT_BUNDLE_IDENTIFIER = eliseevaev.emotionalApp;
				PRODUCT_NAME = "$(TARGET_NAME)";
				SWIFT_EMIT_LOC_STRINGS = YES;
				SWIFT_VERSION = 5.0;
				TARGETED_DEVICE_FAMILY = "1,2";
			};
			name = Debug;
		};
		37B99E7F28F6F0170018C120 /* Release */ = {
			isa = XCBuildConfiguration;
			buildSettings = {
				ASSETCATALOG_COMPILER_APPICON_NAME = AppIcon;
				ASSETCATALOG_COMPILER_GLOBAL_ACCENT_COLOR_NAME = AccentColor;
				CODE_SIGN_STYLE = Automatic;
				CURRENT_PROJECT_VERSION = 1;
				DEVELOPMENT_TEAM = 2U4V96C2NN;
				GENERATE_INFOPLIST_FILE = YES;
				INFOPLIST_FILE = emotionalApp/Info.plist;
				INFOPLIST_KEY_UIApplicationSupportsIndirectInputEvents = YES;
				INFOPLIST_KEY_UILaunchStoryboardName = LaunchScreen;
				INFOPLIST_KEY_UIMainStoryboardFile = Main;
				INFOPLIST_KEY_UISupportedInterfaceOrientations_iPad = "UIInterfaceOrientationPortrait UIInterfaceOrientationPortraitUpsideDown UIInterfaceOrientationLandscapeLeft UIInterfaceOrientationLandscapeRight";
				INFOPLIST_KEY_UISupportedInterfaceOrientations_iPhone = "UIInterfaceOrientationPortrait UIInterfaceOrientationLandscapeLeft UIInterfaceOrientationLandscapeRight";
				IPHONEOS_DEPLOYMENT_TARGET = 13.0;
				LD_RUNPATH_SEARCH_PATHS = (
					"$(inherited)",
					"@executable_path/Frameworks",
				);
				MARKETING_VERSION = 1.0;
				PRODUCT_BUNDLE_IDENTIFIER = eliseevaev.emotionalApp;
				PRODUCT_NAME = "$(TARGET_NAME)";
				SWIFT_EMIT_LOC_STRINGS = YES;
				SWIFT_VERSION = 5.0;
				TARGETED_DEVICE_FAMILY = "1,2";
			};
			name = Release;
		};
/* End XCBuildConfiguration section */

/* Begin XCConfigurationList section */
		37B99E6428F6F0160018C120 /* Build configuration list for PBXProject "emotionalApp" */ = {
			isa = XCConfigurationList;
			buildConfigurations = (
				37B99E7B28F6F0170018C120 /* Debug */,
				37B99E7C28F6F0170018C120 /* Release */,
			);
			defaultConfigurationIsVisible = 0;
			defaultConfigurationName = Release;
		};
		37B99E7D28F6F0170018C120 /* Build configuration list for PBXNativeTarget "emotionalApp" */ = {
			isa = XCConfigurationList;
			buildConfigurations = (
				37B99E7E28F6F0170018C120 /* Debug */,
				37B99E7F28F6F0170018C120 /* Release */,
			);
			defaultConfigurationIsVisible = 0;
			defaultConfigurationName = Release;
		};
/* End XCConfigurationList section */
	};
	rootObject = 37B99E6128F6F0160018C120 /* Project object */;
}
